{
  "name": "sons",
  "version": "1.0.0",
  "lockfileVersion": 1,
  "requires": true,
  "dependencies": {
    "acorn": {
      "version": "7.1.1",
      "resolved": "https://registry.npmjs.org/acorn/-/acorn-7.1.1.tgz",
      "integrity": "sha512-add7dgA5ppRPxCFJoAGfMDi7PIBXq1RtGo7BhbLaxwrXPOmw8gq48Y9ozT01hUKy9byMjlR20EJhu5zlkErEkg=="
    },
    "acorn-node": {
      "version": "1.8.2",
      "resolved": "https://registry.npmjs.org/acorn-node/-/acorn-node-1.8.2.tgz",
      "integrity": "sha512-8mt+fslDufLYntIoPAaIMUe/lrbrehIiwmR3t2k9LljIzoigEPF27eLk2hy8zSGzmR/ogr7zbRKINMo1u0yh5A==",
      "requires": {
        "acorn": "^7.0.0",
        "acorn-walk": "^7.0.0",
        "xtend": "^4.0.2"
      }
    },
    "acorn-walk": {
      "version": "7.1.1",
      "resolved": "https://registry.npmjs.org/acorn-walk/-/acorn-walk-7.1.1.tgz",
      "integrity": "sha512-wdlPY2tm/9XBr7QkKlq0WQVgiuGTX6YWPyRyBviSoScBuLfTVQhvwg6wJ369GJ/1nPfTLMfnrFIfjqVg6d+jQQ=="
    },
    "baudio": {
      "version": "2.1.3",
      "resolved": "https://registry.npmjs.org/baudio/-/baudio-2.1.3.tgz",
      "integrity": "sha512-Ud9p1kTgQ86fbZ0ulx7jPYqOOHVQ3xA8XXWNnOLw3ivDG1b6T4oHoOrYHhH2X8B4z8aay6Rh1sKhUTEfM1bFwg==",
      "requires": {
        "concat-stream": "^1.4.4",
        "inherits": "~1.0.0",
        "minimist": "0.0.8",
        "parse-duration": "^0.1.0",
        "readable-stream": "~1.1.8",
        "resolve": "^0.6.3",
        "syntax-error": "^1.1.0"
      }
    },
    "buffer-from": {
      "version": "1.1.1",
      "resolved": "https://registry.npmjs.org/buffer-from/-/buffer-from-1.1.1.tgz",
      "integrity": "sha512-MQcXEUbCKtEo7bhqEs6560Hyd4XaovZlO/k9V3hjVUF/zwW7KBVdSK4gIt/bzwS9MbR5qob+F5jusZsb0YQK2A=="
    },
    "concat-stream": {
      "version": "1.6.2",
      "resolved": "https://registry.npmjs.org/concat-stream/-/concat-stream-1.6.2.tgz",
      "integrity": "sha512-27HBghJxjiZtIk3Ycvn/4kbJk/1uZuJFfuPEns6LaEvpvG1f0hTea8lilrouyo9mVc2GWdcEZ8OLoGmSADlrCw==",
      "requires": {
        "buffer-from": "^1.0.0",
        "inherits": "^2.0.3",
        "readable-stream": "^2.2.2",
        "typedarray": "^0.0.6"
      },
      "dependencies": {
        "inherits": {
          "version": "2.0.4",
          "resolved": "https://registry.npmjs.org/inherits/-/inherits-2.0.4.tgz",
          "integrity": "sha512-k/vGaX4/Yla3WzyMCvTQOXYeIHvqOKtnqBduzTHpzpQZzAskKMhZ2K+EnBiSM9zGSoIFeMpXKxa4dYeZIQqewQ=="
        },
        "readable-stream": {
          "version": "2.3.7",
          "resolved": "https://registry.npmjs.org/readable-stream/-/readable-stream-2.3.7.tgz",
          "integrity": "sha512-Ebho8K4jIbHAxnuxi7o42OrZgF/ZTNcsZj6nRKyUmkhLFq8CHItp/fy6hQZuZmP/n3yZ9VBUbp4zz/mX8hmYPw==",
          "requires": {
            "core-util-is": "~1.0.0",
            "inherits": "~2.0.3",
            "isarray": "~1.0.0",
            "process-nextick-args": "~2.0.0",
            "safe-buffer": "~5.1.1",
            "string_decoder": "~1.1.1",
            "util-deprecate": "~1.0.1"
          }
        }
      }
    },
    "core-util-is": {
      "version": "1.0.2",
      "resolved": "https://registry.npmjs.org/core-util-is/-/core-util-is-1.0.2.tgz",
      "integrity": "sha1-tf1UIgqivFq1eqtxQMlAdUUDwac="
    },
    "inherits": {
      "version": "1.0.2",
      "resolved": "https://registry.npmjs.org/inherits/-/inherits-1.0.2.tgz",
      "integrity": "sha1-ykMJ2t7mtUzAuNJH6NfHoJdb3Js="
    },
    "isarray": {
      "version": "1.0.0",
      "resolved": "https://registry.npmjs.org/isarray/-/isarray-1.0.0.tgz",
      "integrity": "sha1-u5NdSFgsuhaMBoNJV6VKPgcSTxE="
    },
    "minimist": {
      "version": "0.0.8",
      "resolved": "https://registry.npmjs.org/minimist/-/minimist-0.0.8.tgz",
      "integrity": "sha1-hX/Kv8M5fSYluCKCYuhqp6ARsF0="
    },
    "parse-duration": {
      "version": "0.1.2",
      "resolved": "https://registry.npmjs.org/parse-duration/-/parse-duration-0.1.2.tgz",
      "integrity": "sha512-0qfMZyjOUFBeEIvJ5EayfXJqaEXxQ+Oj2b7tWJM3hvEXvXsYCk05EDVI23oYnEw2NaFYUWdABEVPBvBMh8L/pA=="
    },
    "process-nextick-args": {
      "version": "2.0.1",
      "resolved": "https://registry.npmjs.org/process-nextick-args/-/process-nextick-args-2.0.1.tgz",
      "integrity": "sha512-3ouUOpQhtgrbOa17J7+uxOTpITYWaGP7/AhoR3+A+/1e9skrzelGi/dXzEYyvbxubEF6Wn2ypscTKiKJFFn1ag=="
    },
    "readable-stream": {
      "version": "1.1.14",
      "resolved": "https://registry.npmjs.org/readable-stream/-/readable-stream-1.1.14.tgz",
      "integrity": "sha1-fPTFTvZI44EwhMY23SB54WbAgdk=",
      "requires": {
        "core-util-is": "~1.0.0",
        "inherits": "~2.0.1",
        "isarray": "0.0.1",
        "string_decoder": "~0.10.x"
      },
      "dependencies": {
        "inherits": {
          "version": "2.0.4",
          "resolved": "https://registry.npmjs.org/inherits/-/inherits-2.0.4.tgz",
          "integrity": "sha512-k/vGaX4/Yla3WzyMCvTQOXYeIHvqOKtnqBduzTHpzpQZzAskKMhZ2K+EnBiSM9zGSoIFeMpXKxa4dYeZIQqewQ=="
        },
        "isarray": {
          "version": "0.0.1",
          "resolved": "https://registry.npmjs.org/isarray/-/isarray-0.0.1.tgz",
          "integrity": "sha1-ihis/Kmo9Bd+Cav8YDiTmwXR7t8="
        },
        "string_decoder": {
          "version": "0.10.31",
          "resolved": "https://registry.npmjs.org/string_decoder/-/string_decoder-0.10.31.tgz",
          "integrity": "sha1-YuIDvEF2bGwoyfyEMB2rHFMQ+pQ="
        }
      }
    },
    "resolve": {
      "version": "0.6.3",
      "resolved": "https://registry.npmjs.org/resolve/-/resolve-0.6.3.tgz",
      "integrity": "sha1-3ZV5gufnNt699TtYpN2RdUV13UY="
    },
    "safe-buffer": {
      "version": "5.1.2",
      "resolved": "https://registry.npmjs.org/safe-buffer/-/safe-buffer-5.1.2.tgz",
      "integrity": "sha512-Gd2UZBJDkXlY7GbJxfsE8/nvKkUEU1G38c1siN6QP6a9PT9MmHB8GnpscSmMJSoF8LOIrt8ud/wPtojys4G6+g=="
    },
    "string_decoder": {
      "version": "1.1.1",
      "resolved": "https://registry.npmjs.org/string_decoder/-/string_decoder-1.1.1.tgz",
      "integrity": "sha512-n/ShnvDi6FHbbVfviro+WojiFzv+s8MPMHBczVePfUpDJLwoLT0ht1l4YwBCbi8pJAveEEdnkHyPyTP/mzRfwg==",
      "requires": {
        "safe-buffer": "~5.1.0"
      }
    },
    "syntax-error": {
      "version": "1.4.0",
      "resolved": "https://registry.npmjs.org/syntax-error/-/syntax-error-1.4.0.tgz",
      "integrity": "sha512-YPPlu67mdnHGTup2A8ff7BC2Pjq0e0Yp/IyTFN03zWO0RcK07uLcbi7C2KpGR2FvWbaB0+bfE27a+sBKebSo7w==",
      "requires": {
        "acorn-node": "^1.2.0"
      }
    },
    "typedarray": {
      "version": "0.0.6",
      "resolved": "https://registry.npmjs.org/typedarray/-/typedarray-0.0.6.tgz",
      "integrity": "sha1-hnrHTjhkGHsdPUfZlqeOxciDB3c="
    },
    "util-deprecate": {
      "version": "1.0.2",
      "resolved": "https://registry.npmjs.org/util-deprecate/-/util-deprecate-1.0.2.tgz",
      "integrity": "sha1-RQ1Nyfpw3nMnYvvS1KKJgUGaDM8="
    },
    "xtend": {
      "version": "4.0.2",
      "resolved": "https://registry.npmjs.org/xtend/-/xtend-4.0.2.tgz",
      "integrity": "sha512-LKYU1iAXJXUgAXn9URjiu+MWhyUXHsvfp7mcuYm9dSUKK0/CjtrUwFAxD82/mCWbtLsGjFIad0wIsod4zrTAEQ=="
    }
  }
}
